// !$*UTF8*$!
{
	archiveVersion = 1;
	classes = {
	};
	objectVersion = 56;
	objects = {

/* Begin PBXBuildFile section */
		BA5C0CD72901D77700D39EBE /* TeaFriendApp.swift in Sources */ = {isa = PBXBuildFile; fileRef = BA5C0CD62901D77700D39EBE /* TeaFriendApp.swift */; };
		BA5C0CD92901D77700D39EBE /* CoreDataDemo.swift in Sources */ = {isa = PBXBuildFile; fileRef = BA5C0CD82901D77700D39EBE /* CoreDataDemo.swift */; };
		BA5C0CDB2901D77900D39EBE /* Assets.xcassets in Resources */ = {isa = PBXBuildFile; fileRef = BA5C0CDA2901D77900D39EBE /* Assets.xcassets */; };
		BA5C0CDE2901D77900D39EBE /* Preview Assets.xcassets in Resources */ = {isa = PBXBuildFile; fileRef = BA5C0CDD2901D77900D39EBE /* Preview Assets.xcassets */; };
		BA5C0CE02901D77900D39EBE /* Persistence.swift in Sources */ = {isa = PBXBuildFile; fileRef = BA5C0CDF2901D77900D39EBE /* Persistence.swift */; };
		BA5C0CE32901D77900D39EBE /* TeaFriend.xcdatamodeld in Sources */ = {isa = PBXBuildFile; fileRef = BA5C0CE12901D77900D39EBE /* TeaFriend.xcdatamodeld */; };
		BA6A223629076B2800AFB230 /* Tea.swift in Sources */ = {isa = PBXBuildFile; fileRef = BA6A223529076B2800AFB230 /* Tea.swift */; };
		BA6A223829076BA500AFB230 /* ListView.swift in Sources */ = {isa = PBXBuildFile; fileRef = BA6A223729076BA500AFB230 /* ListView.swift */; };
		BA6A223A29076FCB00AFB230 /* TeaCardEditable.swift in Sources */ = {isa = PBXBuildFile; fileRef = BA6A223929076FCB00AFB230 /* TeaCardEditable.swift */; };
		BA6A223C2907745D00AFB230 /* teas.json in Resources */ = {isa = PBXBuildFile; fileRef = BA6A223B2907745C00AFB230 /* teas.json */; };
		BA99B84729085A6300F3255C /* TeaModel.swift in Sources */ = {isa = PBXBuildFile; fileRef = BA99B84629085A6300F3255C /* TeaModel.swift */; };
		BA99B84929085B8800F3255C /* DecodedTea.swift in Sources */ = {isa = PBXBuildFile; fileRef = BA99B84829085B8800F3255C /* DecodedTea.swift */; };
		BADF156A2901DC8600C09370 /* TeaCard.swift in Sources */ = {isa = PBXBuildFile; fileRef = BADF15692901DC8600C09370 /* TeaCard.swift */; };
		BADF156C2901DF6200C09370 /* RatingView.swift in Sources */ = {isa = PBXBuildFile; fileRef = BADF156B2901DF6200C09370 /* RatingView.swift */; };
		BADF15712901E3A800C09370 /* TeaFormat.swift in Sources */ = {isa = PBXBuildFile; fileRef = BADF15702901E3A800C09370 /* TeaFormat.swift */; };
		BADF1573290209C200C09370 /* TeaType.swift in Sources */ = {isa = PBXBuildFile; fileRef = BADF1572290209C200C09370 /* TeaType.swift */; };
/* End PBXBuildFile section */

/* Begin PBXFileReference section */
		BA5C0CD32901D77700D39EBE /* TeaFriend.app */ = {isa = PBXFileReference; explicitFileType = wrapper.application; includeInIndex = 0; path = TeaFriend.app; sourceTree = BUILT_PRODUCTS_DIR; };
		BA5C0CD62901D77700D39EBE /* TeaFriendApp.swift */ = {isa = PBXFileReference; lastKnownFileType = sourcecode.swift; path = TeaFriendApp.swift; sourceTree = "<group>"; };
		BA5C0CD82901D77700D39EBE /* CoreDataDemo.swift */ = {isa = PBXFileReference; lastKnownFileType = sourcecode.swift; path = CoreDataDemo.swift; sourceTree = "<group>"; };
		BA5C0CDA2901D77900D39EBE /* Assets.xcassets */ = {isa = PBXFileReference; lastKnownFileType = folder.assetcatalog; path = Assets.xcassets; sourceTree = "<group>"; };
		BA5C0CDD2901D77900D39EBE /* Preview Assets.xcassets */ = {isa = PBXFileReference; lastKnownFileType = folder.assetcatalog; path = "Preview Assets.xcassets"; sourceTree = "<group>"; };
		BA5C0CDF2901D77900D39EBE /* Persistence.swift */ = {isa = PBXFileReference; lastKnownFileType = sourcecode.swift; path = Persistence.swift; sourceTree = "<group>"; };
		BA5C0CE22901D77900D39EBE /* TeaFriend.xcdatamodel */ = {isa = PBXFileReference; lastKnownFileType = wrapper.xcdatamodel; path = TeaFriend.xcdatamodel; sourceTree = "<group>"; };
		BA5C0CE42901D77900D39EBE /* Info.plist */ = {isa = PBXFileReference; lastKnownFileType = text.plist.xml; path = Info.plist; sourceTree = "<group>"; };
		BA6A223529076B2800AFB230 /* Tea.swift */ = {isa = PBXFileReference; lastKnownFileType = sourcecode.swift; path = Tea.swift; sourceTree = "<group>"; };
		BA6A223729076BA500AFB230 /* ListView.swift */ = {isa = PBXFileReference; lastKnownFileType = sourcecode.swift; path = ListView.swift; sourceTree = "<group>"; };
		BA6A223929076FCB00AFB230 /* TeaCardEditable.swift */ = {isa = PBXFileReference; lastKnownFileType = sourcecode.swift; path = TeaCardEditable.swift; sourceTree = "<group>"; };
		BA6A223B2907745C00AFB230 /* teas.json */ = {isa = PBXFileReference; fileEncoding = 4; lastKnownFileType = text.json; path = teas.json; sourceTree = "<group>"; };
		BA99B84629085A6300F3255C /* TeaModel.swift */ = {isa = PBXFileReference; lastKnownFileType = sourcecode.swift; path = TeaModel.swift; sourceTree = "<group>"; };
		BA99B84829085B8800F3255C /* DecodedTea.swift */ = {isa = PBXFileReference; lastKnownFileType = sourcecode.swift; path = DecodedTea.swift; sourceTree = "<group>"; };
		BADF15692901DC8600C09370 /* TeaCard.swift */ = {isa = PBXFileReference; lastKnownFileType = sourcecode.swift; path = TeaCard.swift; sourceTree = "<group>"; };
		BADF156B2901DF6200C09370 /* RatingView.swift */ = {isa = PBXFileReference; lastKnownFileType = sourcecode.swift; path = RatingView.swift; sourceTree = "<group>"; };
		BADF15702901E3A800C09370 /* TeaFormat.swift */ = {isa = PBXFileReference; lastKnownFileType = sourcecode.swift; path = TeaFormat.swift; sourceTree = "<group>"; };
		BADF1572290209C200C09370 /* TeaType.swift */ = {isa = PBXFileReference; lastKnownFileType = sourcecode.swift; path = TeaType.swift; sourceTree = "<group>"; };
/* End PBXFileReference section */

/* Begin PBXFrameworksBuildPhase section */
		BA5C0CD02901D77700D39EBE /* Frameworks */ = {
			isa = PBXFrameworksBuildPhase;
			buildActionMask = 2147483647;
			files = (
			);
			runOnlyForDeploymentPostprocessing = 0;
		};
/* End PBXFrameworksBuildPhase section */

/* Begin PBXGroup section */
		BA5C0CCA2901D77600D39EBE = {
			isa = PBXGroup;
			children = (
				BA5C0CD52901D77700D39EBE /* TeaFriend */,
				BA5C0CD42901D77700D39EBE /* Products */,
			);
			sourceTree = "<group>";
		};
		BA5C0CD42901D77700D39EBE /* Products */ = {
			isa = PBXGroup;
			children = (
				BA5C0CD32901D77700D39EBE /* TeaFriend.app */,
			);
			name = Products;
			sourceTree = "<group>";
		};
		BA5C0CD52901D77700D39EBE /* TeaFriend */ = {
			isa = PBXGroup;
			children = (
				BA5C0CD62901D77700D39EBE /* TeaFriendApp.swift */,
				BA5C0CEE2901DBC400D39EBE /* Helpers */,
				BA5C0CED2901DBC000D39EBE /* Data */,
				BA5C0CEC2901DBB300D39EBE /* ViewModels */,
				BA5C0CEB2901DBAD00D39EBE /* Models */,
				BA5C0CEA2901DBA100D39EBE /* Views */,
				BA5C0CDA2901D77900D39EBE /* Assets.xcassets */,
				BA5C0CE42901D77900D39EBE /* Info.plist */,
				BA5C0CDC2901D77900D39EBE /* Preview Content */,
			);
			path = TeaFriend;
			sourceTree = "<group>";
		};
		BA5C0CDC2901D77900D39EBE /* Preview Content */ = {
			isa = PBXGroup;
			children = (
				BA5C0CDD2901D77900D39EBE /* Preview Assets.xcassets */,
			);
			path = "Preview Content";
			sourceTree = "<group>";
		};
		BA5C0CEA2901DBA100D39EBE /* Views */ = {
			isa = PBXGroup;
			children = (
				BA6A223729076BA500AFB230 /* ListView.swift */,
				BADF156D2901E02100C09370 /* TeaCard */,
				BA5C0CD82901D77700D39EBE /* CoreDataDemo.swift */,
			);
			path = Views;
			sourceTree = "<group>";
		};
		BA5C0CEB2901DBAD00D39EBE /* Models */ = {
			isa = PBXGroup;
			children = (
				BADF15702901E3A800C09370 /* TeaFormat.swift */,
				BADF1572290209C200C09370 /* TeaType.swift */,
				BA6A223529076B2800AFB230 /* Tea.swift */,
				BA99B84829085B8800F3255C /* DecodedTea.swift */,
			);
			path = Models;
			sourceTree = "<group>";
		};
		BA5C0CEC2901DBB300D39EBE /* ViewModels */ = {
			isa = PBXGroup;
			children = (
				BA99B84629085A6300F3255C /* TeaModel.swift */,
			);
			path = ViewModels;
			sourceTree = "<group>";
		};
		BA5C0CED2901DBC000D39EBE /* Data */ = {
			isa = PBXGroup;
			children = (
				BA5C0CDF2901D77900D39EBE /* Persistence.swift */,
				BA5C0CE12901D77900D39EBE /* TeaFriend.xcdatamodeld */,
				BA6A223B2907745C00AFB230 /* teas.json */,
			);
			path = Data;
			sourceTree = "<group>";
		};
		BA5C0CEE2901DBC400D39EBE /* Helpers */ = {
			isa = PBXGroup;
			children = (
			);
			path = Helpers;
			sourceTree = "<group>";
		};
		BADF156D2901E02100C09370 /* TeaCard */ = {
			isa = PBXGroup;
			children = (
				BADF15692901DC8600C09370 /* TeaCard.swift */,
				BADF156B2901DF6200C09370 /* RatingView.swift */,
				BA6A223929076FCB00AFB230 /* TeaCardEditable.swift */,
			);
			path = TeaCard;
			sourceTree = "<group>";
		};
/* End PBXGroup section */

/* Begin PBXNativeTarget section */
		BA5C0CD22901D77700D39EBE /* TeaFriend */ = {
			isa = PBXNativeTarget;
			buildConfigurationList = BA5C0CE72901D77900D39EBE /* Build configuration list for PBXNativeTarget "TeaFriend" */;
			buildPhases = (
				BA5C0CCF2901D77700D39EBE /* Sources */,
				BA5C0CD02901D77700D39EBE /* Frameworks */,
				BA5C0CD12901D77700D39EBE /* Resources */,
			);
			buildRules = (
			);
			dependencies = (
			);
			name = TeaFriend;
			productName = TeaFriend;
			productReference = BA5C0CD32901D77700D39EBE /* TeaFriend.app */;
			productType = "com.apple.product-type.application";
		};
/* End PBXNativeTarget section */

/* Begin PBXProject section */
		BA5C0CCB2901D77700D39EBE /* Project object */ = {
			isa = PBXProject;
			attributes = {
				BuildIndependentTargetsInParallel = 1;
				LastSwiftUpdateCheck = 1400;
				LastUpgradeCheck = 1400;
				TargetAttributes = {
					BA5C0CD22901D77700D39EBE = {
						CreatedOnToolsVersion = 14.0.1;
					};
				};
			};
			buildConfigurationList = BA5C0CCE2901D77700D39EBE /* Build configuration list for PBXProject "TeaFriend" */;
			compatibilityVersion = "Xcode 14.0";
			developmentRegion = en;
			hasScannedForEncodings = 0;
			knownRegions = (
				en,
				Base,
			);
			mainGroup = BA5C0CCA2901D77600D39EBE;
			productRefGroup = BA5C0CD42901D77700D39EBE /* Products */;
			projectDirPath = "";
			projectRoot = "";
			targets = (
				BA5C0CD22901D77700D39EBE /* TeaFriend */,
			);
		};
/* End PBXProject section */

/* Begin PBXResourcesBuildPhase section */
		BA5C0CD12901D77700D39EBE /* Resources */ = {
			isa = PBXResourcesBuildPhase;
			buildActionMask = 2147483647;
			files = (
				BA5C0CDE2901D77900D39EBE /* Preview Assets.xcassets in Resources */,
				BA5C0CDB2901D77900D39EBE /* Assets.xcassets in Resources */,
				BA6A223C2907745D00AFB230 /* teas.json in Resources */,
			);
			runOnlyForDeploymentPostprocessing = 0;
		};
/* End PBXResourcesBuildPhase section */

/* Begin PBXSourcesBuildPhase section */
		BA5C0CCF2901D77700D39EBE /* Sources */ = {
			isa = PBXSourcesBuildPhase;
			buildActionMask = 2147483647;
			files = (
				BA5C0CE32901D77900D39EBE /* TeaFriend.xcdatamodeld in Sources */,
				BA5C0CE02901D77900D39EBE /* Persistence.swift in Sources */,
				BA6A223829076BA500AFB230 /* ListView.swift in Sources */,
				BA5C0CD92901D77700D39EBE /* CoreDataDemo.swift in Sources */,
				BADF156C2901DF6200C09370 /* RatingView.swift in Sources */,
				BADF1573290209C200C09370 /* TeaType.swift in Sources */,
				BADF15712901E3A800C09370 /* TeaFormat.swift in Sources */,
				BA6A223629076B2800AFB230 /* Tea.swift in Sources */,
				BA99B84929085B8800F3255C /* DecodedTea.swift in Sources */,
				BA99B84729085A6300F3255C /* TeaModel.swift in Sources */,
				BA5C0CD72901D77700D39EBE /* TeaFriendApp.swift in Sources */,
				BA6A223A29076FCB00AFB230 /* TeaCardEditable.swift in Sources */,
				BADF156A2901DC8600C09370 /* TeaCard.swift in Sources */,
			);
			runOnlyForDeploymentPostprocessing = 0;
		};
/* End PBXSourcesBuildPhase section */

/* Begin XCBuildConfiguration section */
		BA5C0CE52901D77900D39EBE /* Debug */ = {
			isa = XCBuildConfiguration;
			buildSettings = {
				ALWAYS_SEARCH_USER_PATHS = NO;
				CLANG_ANALYZER_NONNULL = YES;
				CLANG_ANALYZER_NUMBER_OBJECT_CONVERSION = YES_AGGRESSIVE;
				CLANG_CXX_LANGUAGE_STANDARD = "gnu++20";
				CLANG_ENABLE_MODULES = YES;
				CLANG_ENABLE_OBJC_ARC = YES;
				CLANG_ENABLE_OBJC_WEAK = YES;
				CLANG_WARN_BLOCK_CAPTURE_AUTORELEASING = YES;
				CLANG_WARN_BOOL_CONVERSION = YES;
				CLANG_WARN_COMMA = YES;
				CLANG_WARN_CONSTANT_CONVERSION = YES;
				CLANG_WARN_DEPRECATED_OBJC_IMPLEMENTATIONS = YES;
				CLANG_WARN_DIRECT_OBJC_ISA_USAGE = YES_ERROR;
				CLANG_WARN_DOCUMENTATION_COMMENTS = YES;
				CLANG_WARN_EMPTY_BODY = YES;
				CLANG_WARN_ENUM_CONVERSION = YES;
				CLANG_WARN_INFINITE_RECURSION = YES;
				CLANG_WARN_INT_CONVERSION = YES;
				CLANG_WARN_NON_LITERAL_NULL_CONVERSION = YES;
				CLANG_WARN_OBJC_IMPLICIT_RETAIN_SELF = YES;
				CLANG_WARN_OBJC_LITERAL_CONVERSION = YES;
				CLANG_WARN_OBJC_ROOT_CLASS = YES_ERROR;
				CLANG_WARN_QUOTED_INCLUDE_IN_FRAMEWORK_HEADER = YES;
				CLANG_WARN_RANGE_LOOP_ANALYSIS = YES;
				CLANG_WARN_STRICT_PROTOTYPES = YES;
				CLANG_WARN_SUSPICIOUS_MOVE = YES;
				CLANG_WARN_UNGUARDED_AVAILABILITY = YES_AGGRESSIVE;
				CLANG_WARN_UNREACHABLE_CODE = YES;
				CLANG_WARN__DUPLICATE_METHOD_MATCH = YES;
				COPY_PHASE_STRIP = NO;
				DEBUG_INFORMATION_FORMAT = dwarf;
				ENABLE_STRICT_OBJC_MSGSEND = YES;
				ENABLE_TESTABILITY = YES;
				GCC_C_LANGUAGE_STANDARD = gnu11;
				GCC_DYNAMIC_NO_PIC = NO;
				GCC_NO_COMMON_BLOCKS = YES;
				GCC_OPTIMIZATION_LEVEL = 0;
				GCC_PREPROCESSOR_DEFINITIONS = (
					"DEBUG=1",
					"$(inherited)",
				);
				GCC_WARN_64_TO_32_BIT_CONVERSION = YES;
				GCC_WARN_ABOUT_RETURN_TYPE = YES_ERROR;
				GCC_WARN_UNDECLARED_SELECTOR = YES;
				GCC_WARN_UNINITIALIZED_AUTOS = YES_AGGRESSIVE;
				GCC_WARN_UNUSED_FUNCTION = YES;
				GCC_WARN_UNUSED_VARIABLE = YES;
				IPHONEOS_DEPLOYMENT_TARGET = 16.0;
				MTL_ENABLE_DEBUG_INFO = INCLUDE_SOURCE;
				MTL_FAST_MATH = YES;
				ONLY_ACTIVE_ARCH = YES;
				SDKROOT = iphoneos;
				SWIFT_ACTIVE_COMPILATION_CONDITIONS = DEBUG;
				SWIFT_OPTIMIZATION_LEVEL = "-Onone";
			};
			name = Debug;
		};
		BA5C0CE62901D77900D39EBE /* Release */ = {
			isa = XCBuildConfiguration;
			buildSettings = {
				ALWAYS_SEARCH_USER_PATHS = NO;
				CLANG_ANALYZER_NONNULL = YES;
				CLANG_ANALYZER_NUMBER_OBJECT_CONVERSION = YES_AGGRESSIVE;
				CLANG_CXX_LANGUAGE_STANDARD = "gnu++20";
				CLANG_ENABLE_MODULES = YES;
				CLANG_ENABLE_OBJC_ARC = YES;
				CLANG_ENABLE_OBJC_WEAK = YES;
				CLANG_WARN_BLOCK_CAPTURE_AUTORELEASING = YES;
				CLANG_WARN_BOOL_CONVERSION = YES;
				CLANG_WARN_COMMA = YES;
				CLANG_WARN_CONSTANT_CONVERSION = YES;
				CLANG_WARN_DEPRECATED_OBJC_IMPLEMENTATIONS = YES;
				CLANG_WARN_DIRECT_OBJC_ISA_USAGE = YES_ERROR;
				CLANG_WARN_DOCUMENTATION_COMMENTS = YES;
				CLANG_WARN_EMPTY_BODY = YES;
				CLANG_WARN_ENUM_CONVERSION = YES;
				CLANG_WARN_INFINITE_RECURSION = YES;
				CLANG_WARN_INT_CONVERSION = YES;
				CLANG_WARN_NON_LITERAL_NULL_CONVERSION = YES;
				CLANG_WARN_OBJC_IMPLICIT_RETAIN_SELF = YES;
				CLANG_WARN_OBJC_LITERAL_CONVERSION = YES;
				CLANG_WARN_OBJC_ROOT_CLASS = YES_ERROR;
				CLANG_WARN_QUOTED_INCLUDE_IN_FRAMEWORK_HEADER = YES;
				CLANG_WARN_RANGE_LOOP_ANALYSIS = YES;
				CLANG_WARN_STRICT_PROTOTYPES = YES;
				CLANG_WARN_SUSPICIOUS_MOVE = YES;
				CLANG_WARN_UNGUARDED_AVAILABILITY = YES_AGGRESSIVE;
				CLANG_WARN_UNREACHABLE_CODE = YES;
				CLANG_WARN__DUPLICATE_METHOD_MATCH = YES;
				COPY_PHASE_STRIP = NO;
				DEBUG_INFORMATION_FORMAT = "dwarf-with-dsym";
				ENABLE_NS_ASSERTIONS = NO;
				ENABLE_STRICT_OBJC_MSGSEND = YES;
				GCC_C_LANGUAGE_STANDARD = gnu11;
				GCC_NO_COMMON_BLOCKS = YES;
				GCC_WARN_64_TO_32_BIT_CONVERSION = YES;
				GCC_WARN_ABOUT_RETURN_TYPE = YES_ERROR;
				GCC_WARN_UNDECLARED_SELECTOR = YES;
				GCC_WARN_UNINITIALIZED_AUTOS = YES_AGGRESSIVE;
				GCC_WARN_UNUSED_FUNCTION = YES;
				GCC_WARN_UNUSED_VARIABLE = YES;
				IPHONEOS_DEPLOYMENT_TARGET = 16.0;
				MTL_ENABLE_DEBUG_INFO = NO;
				MTL_FAST_MATH = YES;
				SDKROOT = iphoneos;
				SWIFT_COMPILATION_MODE = wholemodule;
				SWIFT_OPTIMIZATION_LEVEL = "-O";
				VALIDATE_PRODUCT = YES;
			};
			name = Release;
		};
		BA5C0CE82901D77900D39EBE /* Debug */ = {
			isa = XCBuildConfiguration;
			buildSettings = {
				ASSETCATALOG_COMPILER_APPICON_NAME = AppIcon;
				ASSETCATALOG_COMPILER_GLOBAL_ACCENT_COLOR_NAME = AccentColor;
				CODE_SIGN_STYLE = Automatic;
				CURRENT_PROJECT_VERSION = 1;
				DEVELOPMENT_ASSET_PATHS = "\"TeaFriend/Preview Content\"";
				DEVELOPMENT_TEAM = DQ287W5U99;
				ENABLE_PREVIEWS = YES;
				GENERATE_INFOPLIST_FILE = YES;
				INFOPLIST_KEY_UIApplicationSceneManifest_Generation = YES;
				INFOPLIST_KEY_UIApplicationSupportsIndirectInputEvents = YES;
				INFOPLIST_KEY_UILaunchScreen_Generation = YES;
				INFOPLIST_KEY_UISupportedInterfaceOrientations_iPad = "UIInterfaceOrientationPortrait UIInterfaceOrientationPortraitUpsideDown UIInterfaceOrientationLandscapeLeft UIInterfaceOrientationLandscapeRight";
				INFOPLIST_KEY_UISupportedInterfaceOrientations_iPhone = "UIInterfaceOrientationPortrait UIInterfaceOrientationLandscapeLeft UIInterfaceOrientationLandscapeRight";
				LD_RUNPATH_SEARCH_PATHS = (
					"$(inherited)",
					"@executable_path/Frameworks",
				);
				MARKETING_VERSION = 1.0;
				PRODUCT_BUNDLE_IDENTIFIER = com.example.TeaFriend;
				PRODUCT_NAME = "$(TARGET_NAME)";
				SWIFT_EMIT_LOC_STRINGS = YES;
				SWIFT_VERSION = 5.0;
				TARGETED_DEVICE_FAMILY = "1,2";
			};
			name = Debug;
		};
		BA5C0CE92901D77900D39EBE /* Release */ = {
			isa = XCBuildConfiguration;
			buildSettings = {
				ASSETCATALOG_COMPILER_APPICON_NAME = AppIcon;
				ASSETCATALOG_COMPILER_GLOBAL_ACCENT_COLOR_NAME = AccentColor;
				CODE_SIGN_STYLE = Automatic;
				CURRENT_PROJECT_VERSION = 1;
				DEVELOPMENT_ASSET_PATHS = "\"TeaFriend/Preview Content\"";
				DEVELOPMENT_TEAM = DQ287W5U99;
				ENABLE_PREVIEWS = YES;
				GENERATE_INFOPLIST_FILE = YES;
				INFOPLIST_KEY_UIApplicationSceneManifest_Generation = YES;
				INFOPLIST_KEY_UIApplicationSupportsIndirectInputEvents = YES;
				INFOPLIST_KEY_UILaunchScreen_Generation = YES;
				INFOPLIST_KEY_UISupportedInterfaceOrientations_iPad = "UIInterfaceOrientationPortrait UIInterfaceOrientationPortraitUpsideDown UIInterfaceOrientationLandscapeLeft UIInterfaceOrientationLandscapeRight";
				INFOPLIST_KEY_UISupportedInterfaceOrientations_iPhone = "UIInterfaceOrientationPortrait UIInterfaceOrientationLandscapeLeft UIInterfaceOrientationLandscapeRight";
				LD_RUNPATH_SEARCH_PATHS = (
					"$(inherited)",
					"@executable_path/Frameworks",
				);
				MARKETING_VERSION = 1.0;
				PRODUCT_BUNDLE_IDENTIFIER = com.example.TeaFriend;
				PRODUCT_NAME = "$(TARGET_NAME)";
				SWIFT_EMIT_LOC_STRINGS = YES;
				SWIFT_VERSION = 5.0;
				TARGETED_DEVICE_FAMILY = "1,2";
			};
			name = Release;
		};
/* End XCBuildConfiguration section */

/* Begin XCConfigurationList section */
		BA5C0CCE2901D77700D39EBE /* Build configuration list for PBXProject "TeaFriend" */ = {
			isa = XCConfigurationList;
			buildConfigurations = (
				BA5C0CE52901D77900D39EBE /* Debug */,
				BA5C0CE62901D77900D39EBE /* Release */,
			);
			defaultConfigurationIsVisible = 0;
			defaultConfigurationName = Release;
		};
		BA5C0CE72901D77900D39EBE /* Build configuration list for PBXNativeTarget "TeaFriend" */ = {
			isa = XCConfigurationList;
			buildConfigurations = (
				BA5C0CE82901D77900D39EBE /* Debug */,
				BA5C0CE92901D77900D39EBE /* Release */,
			);
			defaultConfigurationIsVisible = 0;
			defaultConfigurationName = Release;
		};
/* End XCConfigurationList section */

/* Begin XCVersionGroup section */
		BA5C0CE12901D77900D39EBE /* TeaFriend.xcdatamodeld */ = {
			isa = XCVersionGroup;
			children = (
				BA5C0CE22901D77900D39EBE /* TeaFriend.xcdatamodel */,
			);
			currentVersion = BA5C0CE22901D77900D39EBE /* TeaFriend.xcdatamodel */;
			path = TeaFriend.xcdatamodeld;
			sourceTree = "<group>";
			versionGroupType = wrapper.xcdatamodel;
		};
/* End XCVersionGroup section */
	};
	rootObject = BA5C0CCB2901D77700D39EBE /* Project object */;
}
